# This file is automatically @generated by Poetry 2.0.1 and should not be changed by hand.

[[package]]
name = "colorama"
version = "0.4.6"
description = "Cross-platform colored terminal text."
optional = false
python-versions = "!=3.0.*,!=3.1.*,!=3.2.*,!=3.3.*,!=3.4.*,!=3.5.*,!=3.6.*,>=2.7"
groups = ["main"]
markers = "platform_system == \"Windows\""
files = [
    {file = "colorama-0.4.6-py2.py3-none-any.whl", hash = "sha256:4f1d9991f5acc0ca119f9d443620b77f9d6b33703e51011c16baf57afb285fc6"},
    {file = "colorama-0.4.6.tar.gz", hash = "sha256:08695f5cb7ed6e0531a20572697297273c47b8cae5a63ffc6d6ed5c201be6e44"},
]

[[package]]
name = "pkg-one"
version = "0.1.0"
description = ""
optional = false
python-versions = ">=3.9"
groups = ["main"]
files = []
develop = true

[package.extras]
withfsspec = ["fsspec (>=2024.12.0,<2025.0.0)"]

[package.source]
type = "directory"
url = "pkg_one"

[[package]]
name = "pkg-three"
version = "0.1.0"
description = ""
optional = false
python-versions = ">=3.9"
groups = ["main"]
files = []
develop = true

[package.dependencies]
pkg-one = "*"

[package.source]
type = "directory"
url = "pkg_three"

[[package]]
name = "pkg-two"
version = "0.1.0"
description = ""
optional = false
python-versions = ">=3.9"
groups = ["main"]
files = []
develop = true

[package.dependencies]
tqdm = ">=4.67.1,<5.0.0"

[package.source]
type = "directory"
url = "pkg_two"

[[package]]
name = "ruff"
version = "0.9.4"
description = "An extremely fast Python linter and code formatter, written in Rust."
optional = false
python-versions = ">=3.7"
groups = ["dev"]
files = [
    {file = "ruff-0.9.4-py3-none-linux_armv6l.whl", hash = "sha256:64e73d25b954f71ff100bb70f39f1ee09e880728efb4250c632ceed4e4cdf706"},
    {file = "ruff-0.9.4-py3-none-macosx_10_12_x86_64.whl", hash = "sha256:6ce6743ed64d9afab4fafeaea70d3631b4d4b28b592db21a5c2d1f0ef52934bf"},
    {file = "ruff-0.9.4-py3-none-macosx_11_0_arm64.whl", hash = "sha256:54499fb08408e32b57360f6f9de7157a5fec24ad79cb3f42ef2c3f3f728dfe2b"},
    {file = "ruff-0.9.4-py3-none-manylinux_2_17_aarch64.manylinux2014_aarch64.whl", hash = "sha256:37c892540108314a6f01f105040b5106aeb829fa5fb0561d2dcaf71485021137"},
    {file = "ruff-0.9.4-py3-none-manylinux_2_17_armv7l.manylinux2014_armv7l.whl", hash = "sha256:de9edf2ce4b9ddf43fd93e20ef635a900e25f622f87ed6e3047a664d0e8f810e"},
    {file = "ruff-0.9.4-py3-none-manylinux_2_17_i686.manylinux2014_i686.whl", hash = "sha256:87c90c32357c74f11deb7fbb065126d91771b207bf9bfaaee01277ca59b574ec"},
    {file = "ruff-0.9.4-py3-none-manylinux_2_17_ppc64.manylinux2014_ppc64.whl", hash = "sha256:56acd6c694da3695a7461cc55775f3a409c3815ac467279dfa126061d84b314b"},
    {file = "ruff-0.9.4-py3-none-manylinux_2_17_ppc64le.manylinux2014_ppc64le.whl", hash = "sha256:e0c93e7d47ed951b9394cf352d6695b31498e68fd5782d6cbc282425655f687a"},
    {file = "ruff-0.9.4-py3-none-manylinux_2_17_s390x.manylinux2014_s390x.whl", hash = "sha256:1d4c8772670aecf037d1bf7a07c39106574d143b26cfe5ed1787d2f31e800214"},
    {file = "ruff-0.9.4-py3-none-manylinux_2_17_x86_64.manylinux2014_x86_64.whl", hash = "sha256:bfc5f1d7afeda8d5d37660eeca6d389b142d7f2b5a1ab659d9214ebd0e025231"},
    {file = "ruff-0.9.4-py3-none-musllinux_1_2_aarch64.whl", hash = "sha256:faa935fc00ae854d8b638c16a5f1ce881bc3f67446957dd6f2af440a5fc8526b"},
    {file = "ruff-0.9.4-py3-none-musllinux_1_2_armv7l.whl", hash = "sha256:a6c634fc6f5a0ceae1ab3e13c58183978185d131a29c425e4eaa9f40afe1e6d6"},
    {file = "ruff-0.9.4-py3-none-musllinux_1_2_i686.whl", hash = "sha256:433dedf6ddfdec7f1ac7575ec1eb9844fa60c4c8c2f8887a070672b8d353d34c"},
    {file = "ruff-0.9.4-py3-none-musllinux_1_2_x86_64.whl", hash = "sha256:d612dbd0f3a919a8cc1d12037168bfa536862066808960e0cc901404b77968f0"},
    {file = "ruff-0.9.4-py3-none-win32.whl", hash = "sha256:db1192ddda2200671f9ef61d9597fcef89d934f5d1705e571a93a67fb13a4402"},
    {file = "ruff-0.9.4-py3-none-win_amd64.whl", hash = "sha256:05bebf4cdbe3ef75430d26c375773978950bbf4ee3c95ccb5448940dc092408e"},
    {file = "ruff-0.9.4-py3-none-win_arm64.whl", hash = "sha256:585792f1e81509e38ac5123492f8875fbc36f3ede8185af0a26df348e5154f41"},
    {file = "ruff-0.9.4.tar.gz", hash = "sha256:6907ee3529244bb0ed066683e075f09285b38dd5b4039370df6ff06041ca19e7"},
]

[[package]]
name = "tqdm"
version = "4.67.1"
description = "Fast, Extensible Progress Meter"
optional = false
python-versions = ">=3.7"
groups = ["main"]
files = [
    {file = "tqdm-4.67.1-py3-none-any.whl", hash = "sha256:26445eca388f82e72884e0d580d5464cd801a3ea01e63e5601bdff9ba6a48de2"},
    {file = "tqdm-4.67.1.tar.gz", hash = "sha256:f8aef9c52c08c13a65f30ea34f4e5aac3fd1a34959879d7e59e63027286627f2"},
]

[package.dependencies]
colorama = {version = "*", markers = "platform_system == \"Windows\""}

[package.extras]
dev = ["nbval", "pytest (>=6)", "pytest-asyncio (>=0.24)", "pytest-cov", "pytest-timeout"]
discord = ["requests"]
notebook = ["ipywidgets (>=6)"]
slack = ["slack-sdk"]
telegram = ["requests"]

[metadata]
lock-version = "2.1"
python-versions = ">=3.9"
content-hash = "b96906f67130c5ee9ccc43bb0950ba59b7d6fc998479d16f7858524907302a1c"
